
Microsoft Visual Studio Solution File, Format Version 11.00
# Visual Studio 2010
Project("{FAE04EC0-301F-11D3-BF4B-00C04F79EFBC}") = "ThemeFixer", "ThemeFixer\ThemeFixer.csproj", "{5EFEDCE7-D5AB-46C8-A618-7D479E3EB741}"
EndProject
Global
	GlobalSection(SolutionConfigurationPlatforms) = preSolution
		Debug|Any CPU = Debug|Any CPU
		Release|Any CPU = Release|Any CPU
	EndGlobalSection
	GlobalSection(ProjectConfigurationPlatforms) = postSolution
		{5EFEDCE7-D5AB-46C8-A618-7D479E3EB741}.Debug|Any CPU.ActiveCfg = Debug|Any CPU
		{5EFEDCE7-D5AB-46C8-A618-7D479E3EB741}.Debug|Any CPU.Build.0 = Debug|Any CPU
		{5EFEDCE7-D5AB-46C8-A618-7D479E3EB741}.Release|Any CPU.ActiveCfg = Release|Any CPU
		{5EFEDCE7-D5AB-46C8-A618-7D479E3EB741}.Release|Any CPU.Build.0 = Release|Any CPU
	EndGlobalSection
	GlobalSection(SolutionProperties) = preSolution
		HideSolutionNode = FALSE
	EndGlobalSection
EndGlobal
